{
  "nodes": {
    "nixCats": {
      "locked": {
        "lastModified": 1741900497,
        "narHash": "sha256-MRSY3ITVGfqLpqrmNMEn89msmoGfhsvPd6c8JEl1W1A=",
        "owner": "BirdeeHub",
        "repo": "nixCats-nvim",
        "rev": "12551d6276685b7115a16bb3ca7bf15206edf0d7",
        "type": "github"
      },
      "original": {
        "owner": "BirdeeHub",
        "repo": "nixCats-nvim",
        "type": "github"
      }
    },
    "nixpkgs": {
      "locked": {
        "lastModified": 1741865919,
        "narHash": "sha256-4thdbnP6dlbdq+qZWTsm4ffAwoS8Tiq1YResB+RP6WE=",
        "owner": "nixos",
        "repo": "nixpkgs",
        "rev": "573c650e8a14b2faa0041645ab18aed7e60f0c9a",
        "type": "github"
      },
      "original": {
        "owner": "nixos",
        "ref": "nixpkgs-unstable",
        "repo": "nixpkgs",
        "type": "github"
      }
    },
    "root": {
      "inputs": {
        "nixCats": "nixCats",
        "nixpkgs": "nixpkgs"
      }
    }
  },
  "root": "root",
  "version": 7
}
